// !$*UTF8*$!
{
	archiveVersion = 1;
	classes = {
	};
	objectVersion = 46;
	objects = {

/* Begin PBXBuildFile section */
		B370A9AE1F27970B00197D04 /* MapKit.framework in Frameworks */ = {isa = PBXBuildFile; fileRef = B370A9AD1F27970B00197D04 /* MapKit.framework */; };
		B3AF1AEB1F2F91440017A8EE /* Base.lproj in Resources */ = {isa = PBXBuildFile; fileRef = B3A6A6FF1F2F8D5B00A0B155 /* Base.lproj */; };
		B3AF1AEC1F2F91440017A8EE /* Storyboards in Resources */ = {isa = PBXBuildFile; fileRef = B3A6A7031F2F8D5B00A0B155 /* Storyboards */; };
		D4810BE7D2DBBB76841CA7D9 /* Pods_Futsteps.framework in Frameworks */ = {isa = PBXBuildFile; fileRef = F6043ACFFD8B2B59F85D7633 /* Pods_Futsteps.framework */; };
/* End PBXBuildFile section */

/* Begin PBXFileReference section */
		468E4E901B2CB846ABDD99A9 /* Pods-Futsteps.release.xcconfig */ = {isa = PBXFileReference; includeInIndex = 1; lastKnownFileType = text.xcconfig; name = "Pods-Futsteps.release.xcconfig"; path = "Pods/Target Support Files/Pods-Futsteps/Pods-Futsteps.release.xcconfig"; sourceTree = "<group>"; };
		56B30D846B5DCDEC0072B15F /* Pods-Futsteps.debug.xcconfig */ = {isa = PBXFileReference; includeInIndex = 1; lastKnownFileType = text.xcconfig; name = "Pods-Futsteps.debug.xcconfig"; path = "Pods/Target Support Files/Pods-Futsteps/Pods-Futsteps.debug.xcconfig"; sourceTree = "<group>"; };
		B370A9871F26291300197D04 /* Futsteps.app */ = {isa = PBXFileReference; explicitFileType = wrapper.application; includeInIndex = 0; path = Futsteps.app; sourceTree = BUILT_PRODUCTS_DIR; };
		B370A9911F26291300197D04 /* Assets.xcassets */ = {isa = PBXFileReference; lastKnownFileType = folder.assetcatalog; path = Assets.xcassets; sourceTree = "<group>"; };
		B370A9AD1F27970B00197D04 /* MapKit.framework */ = {isa = PBXFileReference; lastKnownFileType = wrapper.framework; name = MapKit.framework; path = System/Library/Frameworks/MapKit.framework; sourceTree = SDKROOT; };
		B3A6A6FE1F2F8D5B00A0B155 /* AppDelegate.swift */ = {isa = PBXFileReference; fileEncoding = 4; lastKnownFileType = sourcecode.swift; path = AppDelegate.swift; sourceTree = SOURCE_ROOT; };
		B3A6A6FF1F2F8D5B00A0B155 /* Base.lproj */ = {isa = PBXFileReference; lastKnownFileType = folder; path = Base.lproj; sourceTree = SOURCE_ROOT; };
		B3A6A7001F2F8D5B00A0B155 /* Extensions */ = {isa = PBXFileReference; lastKnownFileType = folder; path = Extensions; sourceTree = SOURCE_ROOT; };
		B3A6A7011F2F8D5B00A0B155 /* Models */ = {isa = PBXFileReference; lastKnownFileType = folder; path = Models; sourceTree = SOURCE_ROOT; };
		B3A6A7021F2F8D5B00A0B155 /* Services */ = {isa = PBXFileReference; lastKnownFileType = folder; path = Services; sourceTree = SOURCE_ROOT; };
		B3A6A7031F2F8D5B00A0B155 /* Storyboards */ = {isa = PBXFileReference; lastKnownFileType = folder; path = Storyboards; sourceTree = SOURCE_ROOT; };
		B3A6A7041F2F8D5B00A0B155 /* Support */ = {isa = PBXFileReference; lastKnownFileType = folder; path = Support; sourceTree = SOURCE_ROOT; };
		B3A6A7051F2F8D5B00A0B155 /* View Controllers */ = {isa = PBXFileReference; lastKnownFileType = folder; path = "View Controllers"; sourceTree = SOURCE_ROOT; };
		F6043ACFFD8B2B59F85D7633 /* Pods_Futsteps.framework */ = {isa = PBXFileReference; explicitFileType = wrapper.framework; includeInIndex = 0; path = Pods_Futsteps.framework; sourceTree = BUILT_PRODUCTS_DIR; };
/* End PBXFileReference section */

/* Begin PBXFrameworksBuildPhase section */
		B370A9841F26291300197D04 /* Frameworks */ = {
			isa = PBXFrameworksBuildPhase;
			buildActionMask = 2147483647;
			files = (
				B370A9AE1F27970B00197D04 /* MapKit.framework in Frameworks */,
				D4810BE7D2DBBB76841CA7D9 /* Pods_Futsteps.framework in Frameworks */,
			);
			runOnlyForDeploymentPostprocessing = 0;
		};
/* End PBXFrameworksBuildPhase section */

/* Begin PBXGroup section */
		B370A97E1F26291300197D04 = {
			isa = PBXGroup;
			children = (
				B370A9891F26291300197D04 /* Futsteps */,
				B370A9881F26291300197D04 /* Products */,
				EE421775170AE2381000731D /* Pods */,
				DFFF123AA12A64D30F9A3552 /* Frameworks */,
			);
			sourceTree = "<group>";
		};
		B370A9881F26291300197D04 /* Products */ = {
			isa = PBXGroup;
			children = (
				B370A9871F26291300197D04 /* Futsteps.app */,
			);
			name = Products;
			sourceTree = "<group>";
		};
		B370A9891F26291300197D04 /* Futsteps */ = {
			isa = PBXGroup;
			children = (
				B3A6A6FE1F2F8D5B00A0B155 /* AppDelegate.swift */,
				B3A6A6FF1F2F8D5B00A0B155 /* Base.lproj */,
				B3A6A7001F2F8D5B00A0B155 /* Extensions */,
				B3A6A7011F2F8D5B00A0B155 /* Models */,
				B3A6A7021F2F8D5B00A0B155 /* Services */,
				B3A6A7031F2F8D5B00A0B155 /* Storyboards */,
				B3A6A7041F2F8D5B00A0B155 /* Support */,
				B3A6A7051F2F8D5B00A0B155 /* View Controllers */,
				B370A9911F26291300197D04 /* Assets.xcassets */,
			);
			path = Futsteps;
			sourceTree = "<group>";
		};
		DFFF123AA12A64D30F9A3552 /* Frameworks */ = {
			isa = PBXGroup;
			children = (
				B370A9AD1F27970B00197D04 /* MapKit.framework */,
				F6043ACFFD8B2B59F85D7633 /* Pods_Futsteps.framework */,
			);
			name = Frameworks;
			sourceTree = "<group>";
		};
		EE421775170AE2381000731D /* Pods */ = {
			isa = PBXGroup;
			children = (
				56B30D846B5DCDEC0072B15F /* Pods-Futsteps.debug.xcconfig */,
				468E4E901B2CB846ABDD99A9 /* Pods-Futsteps.release.xcconfig */,
			);
			name = Pods;
			sourceTree = "<group>";
		};
/* End PBXGroup section */

/* Begin PBXNativeTarget section */
		B370A9861F26291300197D04 /* Futsteps */ = {
			isa = PBXNativeTarget;
			buildConfigurationList = B370A9991F26291400197D04 /* Build configuration list for PBXNativeTarget "Futsteps" */;
			buildPhases = (
				1B0E902FC485EE9CBB2289EA /* [CP] Check Pods Manifest.lock */,
				B370A9831F26291300197D04 /* Sources */,
				B370A9841F26291300197D04 /* Frameworks */,
				B370A9851F26291300197D04 /* Resources */,
				7C72DCFAB1465A93AFD6411E /* [CP] Embed Pods Frameworks */,
				9D589F7C638EC0A6150A8D52 /* [CP] Copy Pods Resources */,
			);
			buildRules = (
			);
			dependencies = (
			);
			name = Futsteps;
			productName = Futsteps;
			productReference = B370A9871F26291300197D04 /* Futsteps.app */;
			productType = "com.apple.product-type.application";
		};
/* End PBXNativeTarget section */

/* Begin PBXProject section */
		B370A97F1F26291300197D04 /* Project object */ = {
			isa = PBXProject;
			attributes = {
				LastSwiftUpdateCheck = 0830;
				LastUpgradeCheck = 0830;
				ORGANIZATIONNAME = "Alikeju Adejo";
				TargetAttributes = {
					B370A9861F26291300197D04 = {
						CreatedOnToolsVersion = 8.3.3;
						DevelopmentTeam = N96E6ZNUMN;
						LastSwiftMigration = 0830;
						ProvisioningStyle = Automatic;
						SystemCapabilities = {
							com.apple.Maps.iOS = {
								enabled = 1;
							};
						};
					};
				};
			};
			buildConfigurationList = B370A9821F26291300197D04 /* Build configuration list for PBXProject "Futsteps" */;
			compatibilityVersion = "Xcode 3.2";
			developmentRegion = English;
			hasScannedForEncodings = 0;
			knownRegions = (
				en,
				Base,
			);
			mainGroup = B370A97E1F26291300197D04;
			productRefGroup = B370A9881F26291300197D04 /* Products */;
			projectDirPath = "";
			projectRoot = "";
			targets = (
				B370A9861F26291300197D04 /* Futsteps */,
			);
		};
/* End PBXProject section */

/* Begin PBXResourcesBuildPhase section */
		B370A9851F26291300197D04 /* Resources */ = {
			isa = PBXResourcesBuildPhase;
			buildActionMask = 2147483647;
			files = (
				B3AF1AEB1F2F91440017A8EE /* Base.lproj in Resources */,
				B3AF1AEC1F2F91440017A8EE /* Storyboards in Resources */,
			);
			runOnlyForDeploymentPostprocessing = 0;
		};
/* End PBXResourcesBuildPhase section */

/* Begin PBXShellScriptBuildPhase section */
		1B0E902FC485EE9CBB2289EA /* [CP] Check Pods Manifest.lock */ = {
			isa = PBXShellScriptBuildPhase;
			buildActionMask = 2147483647;
			files = (
			);
			inputPaths = (
			);
			name = "[CP] Check Pods Manifest.lock";
			outputPaths = (
			);
			runOnlyForDeploymentPostprocessing = 0;
			shellPath = /bin/sh;
			shellScript = "diff \"${PODS_PODFILE_DIR_PATH}/Podfile.lock\" \"${PODS_ROOT}/Manifest.lock\" > /dev/null\nif [ $? != 0 ] ; then\n    # print error to STDERR\n    echo \"error: The sandbox is not in sync with the Podfile.lock. Run 'pod install' or update your CocoaPods installation.\" >&2\n    exit 1\nfi\n";
			showEnvVarsInLog = 0;
		};
		7C72DCFAB1465A93AFD6411E /* [CP] Embed Pods Frameworks */ = {
			isa = PBXShellScriptBuildPhase;
			buildActionMask = 2147483647;
			files = (
			);
			inputPaths = (
			);
			name = "[CP] Embed Pods Frameworks";
			outputPaths = (
			);
			runOnlyForDeploymentPostprocessing = 0;
			shellPath = /bin/sh;
			shellScript = "\"${SRCROOT}/Pods/Target Support Files/Pods-Futsteps/Pods-Futsteps-frameworks.sh\"\n";
			showEnvVarsInLog = 0;
		};
		9D589F7C638EC0A6150A8D52 /* [CP] Copy Pods Resources */ = {
			isa = PBXShellScriptBuildPhase;
			buildActionMask = 2147483647;
			files = (
			);
			inputPaths = (
			);
			name = "[CP] Copy Pods Resources";
			outputPaths = (
			);
			runOnlyForDeploymentPostprocessing = 0;
			shellPath = /bin/sh;
			shellScript = "\"${SRCROOT}/Pods/Target Support Files/Pods-Futsteps/Pods-Futsteps-resources.sh\"\n";
			showEnvVarsInLog = 0;
		};
/* End PBXShellScriptBuildPhase section */

/* Begin PBXSourcesBuildPhase section */
		B370A9831F26291300197D04 /* Sources */ = {
			isa = PBXSourcesBuildPhase;
			buildActionMask = 2147483647;
			files = (
			);
			runOnlyForDeploymentPostprocessing = 0;
		};
/* End PBXSourcesBuildPhase section */

/* Begin XCBuildConfiguration section */
		B370A9971F26291400197D04 /* Debug */ = {
			isa = XCBuildConfiguration;
			buildSettings = {
				ALWAYS_SEARCH_USER_PATHS = NO;
				CLANG_ANALYZER_NONNULL = YES;
				CLANG_ANALYZER_NUMBER_OBJECT_CONVERSION = YES_AGGRESSIVE;
				CLANG_CXX_LANGUAGE_STANDARD = "gnu++0x";
				CLANG_CXX_LIBRARY = "libc++";
				CLANG_ENABLE_MODULES = YES;
				CLANG_ENABLE_OBJC_ARC = YES;
				CLANG_WARN_BOOL_CONVERSION = YES;
				CLANG_WARN_CONSTANT_CONVERSION = YES;
				CLANG_WARN_DIRECT_OBJC_ISA_USAGE = YES_ERROR;
				CLANG_WARN_DOCUMENTATION_COMMENTS = YES;
				CLANG_WARN_EMPTY_BODY = YES;
				CLANG_WARN_ENUM_CONVERSION = YES;
				CLANG_WARN_INFINITE_RECURSION = YES;
				CLANG_WARN_INT_CONVERSION = YES;
				CLANG_WARN_OBJC_ROOT_CLASS = YES_ERROR;
				CLANG_WARN_SUSPICIOUS_MOVE = YES;
				CLANG_WARN_UNREACHABLE_CODE = YES;
				CLANG_WARN__DUPLICATE_METHOD_MATCH = YES;
				"CODE_SIGN_IDENTITY[sdk=iphoneos*]" = "iPhone Developer";
				COPY_PHASE_STRIP = NO;
				DEBUG_INFORMATION_FORMAT = dwarf;
				ENABLE_STRICT_OBJC_MSGSEND = YES;
				ENABLE_TESTABILITY = YES;
				GCC_C_LANGUAGE_STANDARD = gnu99;
				GCC_DYNAMIC_NO_PIC = NO;
				GCC_NO_COMMON_BLOCKS = YES;
				GCC_OPTIMIZATION_LEVEL = 0;
				GCC_PREPROCESSOR_DEFINITIONS = (
					"DEBUG=1",
					"$(inherited)",
				);
				GCC_WARN_64_TO_32_BIT_CONVERSION = YES;
				GCC_WARN_ABOUT_RETURN_TYPE = YES_ERROR;
				GCC_WARN_UNDECLARED_SELECTOR = YES;
				GCC_WARN_UNINITIALIZED_AUTOS = YES_AGGRESSIVE;
				GCC_WARN_UNUSED_FUNCTION = YES;
				GCC_WARN_UNUSED_VARIABLE = YES;
				IPHONEOS_DEPLOYMENT_TARGET = 10.3;
				MTL_ENABLE_DEBUG_INFO = YES;
				ONLY_ACTIVE_ARCH = YES;
				SDKROOT = iphoneos;
				SWIFT_ACTIVE_COMPILATION_CONDITIONS = DEBUG;
				SWIFT_OPTIMIZATION_LEVEL = "-Onone";
			};
			name = Debug;
		};
		B370A9981F26291400197D04 /* Release */ = {
			isa = XCBuildConfiguration;
			buildSettings = {
				ALWAYS_SEARCH_USER_PATHS = NO;
				CLANG_ANALYZER_NONNULL = YES;
				CLANG_ANALYZER_NUMBER_OBJECT_CONVERSION = YES_AGGRESSIVE;
				CLANG_CXX_LANGUAGE_STANDARD = "gnu++0x";
				CLANG_CXX_LIBRARY = "libc++";
				CLANG_ENABLE_MODULES = YES;
				CLANG_ENABLE_OBJC_ARC = YES;
				CLANG_WARN_BOOL_CONVERSION = YES;
				CLANG_WARN_CONSTANT_CONVERSION = YES;
				CLANG_WARN_DIRECT_OBJC_ISA_USAGE = YES_ERROR;
				CLANG_WARN_DOCUMENTATION_COMMENTS = YES;
				CLANG_WARN_EMPTY_BODY = YES;
				CLANG_WARN_ENUM_CONVERSION = YES;
				CLANG_WARN_INFINITE_RECURSION = YES;
				CLANG_WARN_INT_CONVERSION = YES;
				CLANG_WARN_OBJC_ROOT_CLASS = YES_ERROR;
				CLANG_WARN_SUSPICIOUS_MOVE = YES;
				CLANG_WARN_UNREACHABLE_CODE = YES;
				CLANG_WARN__DUPLICATE_METHOD_MATCH = YES;
				"CODE_SIGN_IDENTITY[sdk=iphoneos*]" = "iPhone Developer";
				COPY_PHASE_STRIP = NO;
				DEBUG_INFORMATION_FORMAT = "dwarf-with-dsym";
				ENABLE_NS_ASSERTIONS = NO;
				ENABLE_STRICT_OBJC_MSGSEND = YES;
				GCC_C_LANGUAGE_STANDARD = gnu99;
				GCC_NO_COMMON_BLOCKS = YES;
				GCC_WARN_64_TO_32_BIT_CONVERSION = YES;
				GCC_WARN_ABOUT_RETURN_TYPE = YES_ERROR;
				GCC_WARN_UNDECLARED_SELECTOR = YES;
				GCC_WARN_UNINITIALIZED_AUTOS = YES_AGGRESSIVE;
				GCC_WARN_UNUSED_FUNCTION = YES;
				GCC_WARN_UNUSED_VARIABLE = YES;
				IPHONEOS_DEPLOYMENT_TARGET = 10.3;
				MTL_ENABLE_DEBUG_INFO = NO;
				SDKROOT = iphoneos;
				SWIFT_OPTIMIZATION_LEVEL = "-Owholemodule";
				VALIDATE_PRODUCT = YES;
			};
			name = Release;
		};
		B370A99A1F26291400197D04 /* Debug */ = {
			isa = XCBuildConfiguration;
			baseConfigurationReference = 56B30D846B5DCDEC0072B15F /* Pods-Futsteps.debug.xcconfig */;
			buildSettings = {
				ASSETCATALOG_COMPILER_APPICON_NAME = AppIcon;
				CLANG_ENABLE_MODULES = YES;
				DEVELOPMENT_TEAM = N96E6ZNUMN;
				INFOPLIST_FILE = "$(SRCROOT)/Support/Info.plist";
				LD_RUNPATH_SEARCH_PATHS = "$(inherited) @executable_path/Frameworks";
				PRODUCT_BUNDLE_IDENTIFIER = com.AlikejuAdejo.Futsteps;
				PRODUCT_NAME = "$(TARGET_NAME)";
				SWIFT_OPTIMIZATION_LEVEL = "-Onone";
				SWIFT_VERSION = 3.0;
			};
			name = Debug;
		};
		B370A99B1F26291400197D04 /* Release */ = {
			isa = XCBuildConfiguration;
			baseConfigurationReference = 468E4E901B2CB846ABDD99A9 /* Pods-Futsteps.release.xcconfig */;
			buildSettings = {
				ASSETCATALOG_COMPILER_APPICON_NAME = AppIcon;
				CLANG_ENABLE_MODULES = YES;
				DEVELOPMENT_TEAM = N96E6ZNUMN;
				INFOPLIST_FILE = "$(SRCROOT)/Support/Info.plist";
				LD_RUNPATH_SEARCH_PATHS = "$(inherited) @executable_path/Frameworks";
				PRODUCT_BUNDLE_IDENTIFIER = com.AlikejuAdejo.Futsteps;
				PRODUCT_NAME = "$(TARGET_NAME)";
				SWIFT_VERSION = 3.0;
			};
			name = Release;
		};
/* End XCBuildConfiguration section */

/* Begin XCConfigurationList section */
		B370A9821F26291300197D04 /* Build configuration list for PBXProject "Futsteps" */ = {
			isa = XCConfigurationList;
			buildConfigurations = (
				B370A9971F26291400197D04 /* Debug */,
				B370A9981F26291400197D04 /* Release */,
			);
			defaultConfigurationIsVisible = 0;
			defaultConfigurationName = Release;
		};
		B370A9991F26291400197D04 /* Build configuration list for PBXNativeTarget "Futsteps" */ = {
			isa = XCConfigurationList;
			buildConfigurations = (
				B370A99A1F26291400197D04 /* Debug */,
				B370A99B1F26291400197D04 /* Release */,
			);
			defaultConfigurationIsVisible = 0;
			defaultConfigurationName = Release;
		};
/* End XCConfigurationList section */
	};
	rootObject = B370A97F1F26291300197D04 /* Project object */;
}
